// !$*UTF8*$!
{
	archiveVersion = 1;
	classes = {
	};
	objectVersion = 50;
	objects = {

/* Begin PBXBuildFile section */
		ED2C270225A5681E003E8E41 /* AppDelegate.swift in Sources */ = {isa = PBXBuildFile; fileRef = ED2C270125A5681E003E8E41 /* AppDelegate.swift */; };
		ED2C270425A5681E003E8E41 /* SceneDelegate.swift in Sources */ = {isa = PBXBuildFile; fileRef = ED2C270325A5681E003E8E41 /* SceneDelegate.swift */; };
		ED2C270625A5681E003E8E41 /* MainPageViewController.swift in Sources */ = {isa = PBXBuildFile; fileRef = ED2C270525A5681E003E8E41 /* MainPageViewController.swift */; };
		ED2C270925A5681E003E8E41 /* Main.storyboard in Resources */ = {isa = PBXBuildFile; fileRef = ED2C270725A5681E003E8E41 /* Main.storyboard */; };
		ED2C270B25A5681F003E8E41 /* Assets.xcassets in Resources */ = {isa = PBXBuildFile; fileRef = ED2C270A25A5681F003E8E41 /* Assets.xcassets */; };
		ED2C270E25A5681F003E8E41 /* LaunchScreen.storyboard in Resources */ = {isa = PBXBuildFile; fileRef = ED2C270C25A5681F003E8E41 /* LaunchScreen.storyboard */; };
		ED2C271825A56A79003E8E41 /* RoshamboOptions.swift in Sources */ = {isa = PBXBuildFile; fileRef = ED2C271725A56A79003E8E41 /* RoshamboOptions.swift */; };
		ED2C271E25A57002003E8E41 /* RockViewController.swift in Sources */ = {isa = PBXBuildFile; fileRef = ED2C271D25A57002003E8E41 /* RockViewController.swift */; };
		ED2C272125A570F1003E8E41 /* GameFunctions.swift in Sources */ = {isa = PBXBuildFile; fileRef = ED2C272025A570F1003E8E41 /* GameFunctions.swift */; };
		ED2C272425A572F2003E8E41 /* GameResults.swift in Sources */ = {isa = PBXBuildFile; fileRef = ED2C272325A572F2003E8E41 /* GameResults.swift */; };
		ED2C272725A58337003E8E41 /* PaperViewController.swift in Sources */ = {isa = PBXBuildFile; fileRef = ED2C272625A58337003E8E41 /* PaperViewController.swift */; };
		ED2C272A25A58786003E8E41 /* ScissorsViewController.swift in Sources */ = {isa = PBXBuildFile; fileRef = ED2C272925A58786003E8E41 /* ScissorsViewController.swift */; };
/* End PBXBuildFile section */

/* Begin PBXFileReference section */
		ED2C26FE25A5681E003E8E41 /* Roshambo.app */ = {isa = PBXFileReference; explicitFileType = wrapper.application; includeInIndex = 0; path = Roshambo.app; sourceTree = BUILT_PRODUCTS_DIR; };
		ED2C270125A5681E003E8E41 /* AppDelegate.swift */ = {isa = PBXFileReference; lastKnownFileType = sourcecode.swift; path = AppDelegate.swift; sourceTree = "<group>"; };
		ED2C270325A5681E003E8E41 /* SceneDelegate.swift */ = {isa = PBXFileReference; lastKnownFileType = sourcecode.swift; path = SceneDelegate.swift; sourceTree = "<group>"; };
		ED2C270525A5681E003E8E41 /* MainPageViewController.swift */ = {isa = PBXFileReference; lastKnownFileType = sourcecode.swift; path = MainPageViewController.swift; sourceTree = "<group>"; };
		ED2C270825A5681E003E8E41 /* Base */ = {isa = PBXFileReference; lastKnownFileType = file.storyboard; name = Base; path = Base.lproj/Main.storyboard; sourceTree = "<group>"; };
		ED2C270A25A5681F003E8E41 /* Assets.xcassets */ = {isa = PBXFileReference; lastKnownFileType = folder.assetcatalog; path = Assets.xcassets; sourceTree = "<group>"; };
		ED2C270D25A5681F003E8E41 /* Base */ = {isa = PBXFileReference; lastKnownFileType = file.storyboard; name = Base; path = Base.lproj/LaunchScreen.storyboard; sourceTree = "<group>"; };
		ED2C270F25A5681F003E8E41 /* Info.plist */ = {isa = PBXFileReference; lastKnownFileType = text.plist.xml; path = Info.plist; sourceTree = "<group>"; };
		ED2C271725A56A79003E8E41 /* RoshamboOptions.swift */ = {isa = PBXFileReference; lastKnownFileType = sourcecode.swift; path = RoshamboOptions.swift; sourceTree = "<group>"; };
		ED2C271D25A57002003E8E41 /* RockViewController.swift */ = {isa = PBXFileReference; lastKnownFileType = sourcecode.swift; path = RockViewController.swift; sourceTree = "<group>"; };
		ED2C272025A570F1003E8E41 /* GameFunctions.swift */ = {isa = PBXFileReference; lastKnownFileType = sourcecode.swift; path = GameFunctions.swift; sourceTree = "<group>"; };
		ED2C272325A572F2003E8E41 /* GameResults.swift */ = {isa = PBXFileReference; lastKnownFileType = sourcecode.swift; path = GameResults.swift; sourceTree = "<group>"; };
		ED2C272625A58337003E8E41 /* PaperViewController.swift */ = {isa = PBXFileReference; lastKnownFileType = sourcecode.swift; path = PaperViewController.swift; sourceTree = "<group>"; };
		ED2C272925A58786003E8E41 /* ScissorsViewController.swift */ = {isa = PBXFileReference; lastKnownFileType = sourcecode.swift; path = ScissorsViewController.swift; sourceTree = "<group>"; };
/* End PBXFileReference section */

/* Begin PBXFrameworksBuildPhase section */
		ED2C26FB25A5681E003E8E41 /* Frameworks */ = {
			isa = PBXFrameworksBuildPhase;
			buildActionMask = 2147483647;
			files = (
			);
			runOnlyForDeploymentPostprocessing = 0;
		};
/* End PBXFrameworksBuildPhase section */

/* Begin PBXGroup section */
		ED2C26F525A5681E003E8E41 = {
			isa = PBXGroup;
			children = (
				ED2C270025A5681E003E8E41 /* Roshambo */,
				ED2C26FF25A5681E003E8E41 /* Products */,
			);
			sourceTree = "<group>";
		};
		ED2C26FF25A5681E003E8E41 /* Products */ = {
			isa = PBXGroup;
			children = (
				ED2C26FE25A5681E003E8E41 /* Roshambo.app */,
			);
			name = Products;
			sourceTree = "<group>";
		};
		ED2C270025A5681E003E8E41 /* Roshambo */ = {
			isa = PBXGroup;
			children = (
				ED2C272C25A5878F003E8E41 /* ViewControllers */,
				ED2C271625A56A52003E8E41 /* Enums */,
				ED2C270125A5681E003E8E41 /* AppDelegate.swift */,
				ED2C270325A5681E003E8E41 /* SceneDelegate.swift */,
				ED2C270725A5681E003E8E41 /* Main.storyboard */,
				ED2C270A25A5681F003E8E41 /* Assets.xcassets */,
				ED2C270C25A5681F003E8E41 /* LaunchScreen.storyboard */,
				ED2C270F25A5681F003E8E41 /* Info.plist */,
				ED2C272025A570F1003E8E41 /* GameFunctions.swift */,
			);
			path = Roshambo;
			sourceTree = "<group>";
		};
		ED2C271625A56A52003E8E41 /* Enums */ = {
			isa = PBXGroup;
			children = (
				ED2C271725A56A79003E8E41 /* RoshamboOptions.swift */,
				ED2C272325A572F2003E8E41 /* GameResults.swift */,
			);
			path = Enums;
			sourceTree = "<group>";
		};
		ED2C272C25A5878F003E8E41 /* ViewControllers */ = {
			isa = PBXGroup;
			children = (
				ED2C270525A5681E003E8E41 /* MainPageViewController.swift */,
				ED2C272625A58337003E8E41 /* PaperViewController.swift */,
				ED2C272925A58786003E8E41 /* ScissorsViewController.swift */,
				ED2C271D25A57002003E8E41 /* RockViewController.swift */,
			);
			path = ViewControllers;
			sourceTree = "<group>";
		};
/* End PBXGroup section */

/* Begin PBXNativeTarget section */
		ED2C26FD25A5681E003E8E41 /* Roshambo */ = {
			isa = PBXNativeTarget;
			buildConfigurationList = ED2C271225A5681F003E8E41 /* Build configuration list for PBXNativeTarget "Roshambo" */;
			buildPhases = (
				ED2C26FA25A5681E003E8E41 /* Sources */,
				ED2C26FB25A5681E003E8E41 /* Frameworks */,
				ED2C26FC25A5681E003E8E41 /* Resources */,
			);
			buildRules = (
			);
			dependencies = (
			);
			name = Roshambo;
			productName = Roshambo;
			productReference = ED2C26FE25A5681E003E8E41 /* Roshambo.app */;
			productType = "com.apple.product-type.application";
		};
/* End PBXNativeTarget section */

/* Begin PBXProject section */
		ED2C26F625A5681E003E8E41 /* Project object */ = {
			isa = PBXProject;
			attributes = {
				LastSwiftUpdateCheck = 1230;
				LastUpgradeCheck = 1230;
				TargetAttributes = {
					ED2C26FD25A5681E003E8E41 = {
						CreatedOnToolsVersion = 12.3;
					};
				};
			};
			buildConfigurationList = ED2C26F925A5681E003E8E41 /* Build configuration list for PBXProject "Roshambo" */;
			compatibilityVersion = "Xcode 9.3";
			developmentRegion = en;
			hasScannedForEncodings = 0;
			knownRegions = (
				en,
				Base,
			);
			mainGroup = ED2C26F525A5681E003E8E41;
			productRefGroup = ED2C26FF25A5681E003E8E41 /* Products */;
			projectDirPath = "";
			projectRoot = "";
			targets = (
				ED2C26FD25A5681E003E8E41 /* Roshambo */,
			);
		};
/* End PBXProject section */

/* Begin PBXResourcesBuildPhase section */
		ED2C26FC25A5681E003E8E41 /* Resources */ = {
			isa = PBXResourcesBuildPhase;
			buildActionMask = 2147483647;
			files = (
				ED2C270E25A5681F003E8E41 /* LaunchScreen.storyboard in Resources */,
				ED2C270B25A5681F003E8E41 /* Assets.xcassets in Resources */,
				ED2C270925A5681E003E8E41 /* Main.storyboard in Resources */,
			);
			runOnlyForDeploymentPostprocessing = 0;
		};
/* End PBXResourcesBuildPhase section */

/* Begin PBXSourcesBuildPhase section */
		ED2C26FA25A5681E003E8E41 /* Sources */ = {
			isa = PBXSourcesBuildPhase;
			buildActionMask = 2147483647;
			files = (
				ED2C271825A56A79003E8E41 /* RoshamboOptions.swift in Sources */,
				ED2C271E25A57002003E8E41 /* RockViewController.swift in Sources */,
				ED2C270625A5681E003E8E41 /* MainPageViewController.swift in Sources */,
				ED2C272725A58337003E8E41 /* PaperViewController.swift in Sources */,
				ED2C270225A5681E003E8E41 /* AppDelegate.swift in Sources */,
				ED2C272425A572F2003E8E41 /* GameResults.swift in Sources */,
				ED2C272A25A58786003E8E41 /* ScissorsViewController.swift in Sources */,
				ED2C270425A5681E003E8E41 /* SceneDelegate.swift in Sources */,
				ED2C272125A570F1003E8E41 /* GameFunctions.swift in Sources */,
			);
			runOnlyForDeploymentPostprocessing = 0;
		};
/* End PBXSourcesBuildPhase section */

/* Begin PBXVariantGroup section */
		ED2C270725A5681E003E8E41 /* Main.storyboard */ = {
			isa = PBXVariantGroup;
			children = (
				ED2C270825A5681E003E8E41 /* Base */,
			);
			name = Main.storyboard;
			sourceTree = "<group>";
		};
		ED2C270C25A5681F003E8E41 /* LaunchScreen.storyboard */ = {
			isa = PBXVariantGroup;
			children = (
				ED2C270D25A5681F003E8E41 /* Base */,
			);
			name = LaunchScreen.storyboard;
			sourceTree = "<group>";
		};
/* End PBXVariantGroup section */

/* Begin XCBuildConfiguration section */
		ED2C271025A5681F003E8E41 /* Debug */ = {
			isa = XCBuildConfiguration;
			buildSettings = {
				ALWAYS_SEARCH_USER_PATHS = NO;
				CLANG_ANALYZER_NONNULL = YES;
				CLANG_ANALYZER_NUMBER_OBJECT_CONVERSION = YES_AGGRESSIVE;
				CLANG_CXX_LANGUAGE_STANDARD = "gnu++14";
				CLANG_CXX_LIBRARY = "libc++";
				CLANG_ENABLE_MODULES = YES;
				CLANG_ENABLE_OBJC_ARC = YES;
				CLANG_ENABLE_OBJC_WEAK = YES;
				CLANG_WARN_BLOCK_CAPTURE_AUTORELEASING = YES;
				CLANG_WARN_BOOL_CONVERSION = YES;
				CLANG_WARN_COMMA = YES;
				CLANG_WARN_CONSTANT_CONVERSION = YES;
				CLANG_WARN_DEPRECATED_OBJC_IMPLEMENTATIONS = YES;
				CLANG_WARN_DIRECT_OBJC_ISA_USAGE = YES_ERROR;
				CLANG_WARN_DOCUMENTATION_COMMENTS = YES;
				CLANG_WARN_EMPTY_BODY = YES;
				CLANG_WARN_ENUM_CONVERSION = YES;
				CLANG_WARN_INFINITE_RECURSION = YES;
				CLANG_WARN_INT_CONVERSION = YES;
				CLANG_WARN_NON_LITERAL_NULL_CONVERSION = YES;
				CLANG_WARN_OBJC_IMPLICIT_RETAIN_SELF = YES;
				CLANG_WARN_OBJC_LITERAL_CONVERSION = YES;
				CLANG_WARN_OBJC_ROOT_CLASS = YES_ERROR;
				CLANG_WARN_QUOTED_INCLUDE_IN_FRAMEWORK_HEADER = YES;
				CLANG_WARN_RANGE_LOOP_ANALYSIS = YES;
				CLANG_WARN_STRICT_PROTOTYPES = YES;
				CLANG_WARN_SUSPICIOUS_MOVE = YES;
				CLANG_WARN_UNGUARDED_AVAILABILITY = YES_AGGRESSIVE;
				CLANG_WARN_UNREACHABLE_CODE = YES;
				CLANG_WARN__DUPLICATE_METHOD_MATCH = YES;
				COPY_PHASE_STRIP = NO;
				DEBUG_INFORMATION_FORMAT = dwarf;
				ENABLE_STRICT_OBJC_MSGSEND = YES;
				ENABLE_TESTABILITY = YES;
				GCC_C_LANGUAGE_STANDARD = gnu11;
				GCC_DYNAMIC_NO_PIC = NO;
				GCC_NO_COMMON_BLOCKS = YES;
				GCC_OPTIMIZATION_LEVEL = 0;
				GCC_PREPROCESSOR_DEFINITIONS = (
					"DEBUG=1",
					"$(inherited)",
				);
				GCC_WARN_64_TO_32_BIT_CONVERSION = YES;
				GCC_WARN_ABOUT_RETURN_TYPE = YES_ERROR;
				GCC_WARN_UNDECLARED_SELECTOR = YES;
				GCC_WARN_UNINITIALIZED_AUTOS = YES_AGGRESSIVE;
				GCC_WARN_UNUSED_FUNCTION = YES;
				GCC_WARN_UNUSED_VARIABLE = YES;
				IPHONEOS_DEPLOYMENT_TARGET = 14.3;
				MTL_ENABLE_DEBUG_INFO = INCLUDE_SOURCE;
				MTL_FAST_MATH = YES;
				ONLY_ACTIVE_ARCH = YES;
				SDKROOT = iphoneos;
				SWIFT_ACTIVE_COMPILATION_CONDITIONS = DEBUG;
				SWIFT_OPTIMIZATION_LEVEL = "-Onone";
			};
			name = Debug;
		};
		ED2C271125A5681F003E8E41 /* Release */ = {
			isa = XCBuildConfiguration;
			buildSettings = {
				ALWAYS_SEARCH_USER_PATHS = NO;
				CLANG_ANALYZER_NONNULL = YES;
				CLANG_ANALYZER_NUMBER_OBJECT_CONVERSION = YES_AGGRESSIVE;
				CLANG_CXX_LANGUAGE_STANDARD = "gnu++14";
				CLANG_CXX_LIBRARY = "libc++";
				CLANG_ENABLE_MODULES = YES;
				CLANG_ENABLE_OBJC_ARC = YES;
				CLANG_ENABLE_OBJC_WEAK = YES;
				CLANG_WARN_BLOCK_CAPTURE_AUTORELEASING = YES;
				CLANG_WARN_BOOL_CONVERSION = YES;
				CLANG_WARN_COMMA = YES;
				CLANG_WARN_CONSTANT_CONVERSION = YES;
				CLANG_WARN_DEPRECATED_OBJC_IMPLEMENTATIONS = YES;
				CLANG_WARN_DIRECT_OBJC_ISA_USAGE = YES_ERROR;
				CLANG_WARN_DOCUMENTATION_COMMENTS = YES;
				CLANG_WARN_EMPTY_BODY = YES;
				CLANG_WARN_ENUM_CONVERSION = YES;
				CLANG_WARN_INFINITE_RECURSION = YES;
				CLANG_WARN_INT_CONVERSION = YES;
				CLANG_WARN_NON_LITERAL_NULL_CONVERSION = YES;
				CLANG_WARN_OBJC_IMPLICIT_RETAIN_SELF = YES;
				CLANG_WARN_OBJC_LITERAL_CONVERSION = YES;
				CLANG_WARN_OBJC_ROOT_CLASS = YES_ERROR;
				CLANG_WARN_QUOTED_INCLUDE_IN_FRAMEWORK_HEADER = YES;
				CLANG_WARN_RANGE_LOOP_ANALYSIS = YES;
				CLANG_WARN_STRICT_PROTOTYPES = YES;
				CLANG_WARN_SUSPICIOUS_MOVE = YES;
				CLANG_WARN_UNGUARDED_AVAILABILITY = YES_AGGRESSIVE;
				CLANG_WARN_UNREACHABLE_CODE = YES;
				CLANG_WARN__DUPLICATE_METHOD_MATCH = YES;
				COPY_PHASE_STRIP = NO;
				DEBUG_INFORMATION_FORMAT = "dwarf-with-dsym";
				ENABLE_NS_ASSERTIONS = NO;
				ENABLE_STRICT_OBJC_MSGSEND = YES;
				GCC_C_LANGUAGE_STANDARD = gnu11;
				GCC_NO_COMMON_BLOCKS = YES;
				GCC_WARN_64_TO_32_BIT_CONVERSION = YES;
				GCC_WARN_ABOUT_RETURN_TYPE = YES_ERROR;
				GCC_WARN_UNDECLARED_SELECTOR = YES;
				GCC_WARN_UNINITIALIZED_AUTOS = YES_AGGRESSIVE;
				GCC_WARN_UNUSED_FUNCTION = YES;
				GCC_WARN_UNUSED_VARIABLE = YES;
				IPHONEOS_DEPLOYMENT_TARGET = 14.3;
				MTL_ENABLE_DEBUG_INFO = NO;
				MTL_FAST_MATH = YES;
				SDKROOT = iphoneos;
				SWIFT_COMPILATION_MODE = wholemodule;
				SWIFT_OPTIMIZATION_LEVEL = "-O";
				VALIDATE_PRODUCT = YES;
			};
			name = Release;
		};
		ED2C271325A5681F003E8E41 /* Debug */ = {
			isa = XCBuildConfiguration;
			buildSettings = {
				ASSETCATALOG_COMPILER_APPICON_NAME = AppIcon;
				ASSETCATALOG_COMPILER_GLOBAL_ACCENT_COLOR_NAME = AccentColor;
				CODE_SIGN_STYLE = Automatic;
				DEVELOPMENT_TEAM = 4D7D8642PZ;
				INFOPLIST_FILE = Roshambo/Info.plist;
				LD_RUNPATH_SEARCH_PATHS = (
					"$(inherited)",
					"@executable_path/Frameworks",
				);
				PRODUCT_BUNDLE_IDENTIFIER = com.CBDev.Roshambo;
				PRODUCT_NAME = "$(TARGET_NAME)";
				SWIFT_VERSION = 5.0;
				TARGETED_DEVICE_FAMILY = "1,2";
			};
			name = Debug;
		};
		ED2C271425A5681F003E8E41 /* Release */ = {
			isa = XCBuildConfiguration;
			buildSettings = {
				ASSETCATALOG_COMPILER_APPICON_NAME = AppIcon;
				ASSETCATALOG_COMPILER_GLOBAL_ACCENT_COLOR_NAME = AccentColor;
				CODE_SIGN_STYLE = Automatic;
				DEVELOPMENT_TEAM = 4D7D8642PZ;
				INFOPLIST_FILE = Roshambo/Info.plist;
				LD_RUNPATH_SEARCH_PATHS = (
					"$(inherited)",
					"@executable_path/Frameworks",
				);
				PRODUCT_BUNDLE_IDENTIFIER = com.CBDev.Roshambo;
				PRODUCT_NAME = "$(TARGET_NAME)";
				SWIFT_VERSION = 5.0;
				TARGETED_DEVICE_FAMILY = "1,2";
			};
			name = Release;
		};
/* End XCBuildConfiguration section */

/* Begin XCConfigurationList section */
		ED2C26F925A5681E003E8E41 /* Build configuration list for PBXProject "Roshambo" */ = {
			isa = XCConfigurationList;
			buildConfigurations = (
				ED2C271025A5681F003E8E41 /* Debug */,
				ED2C271125A5681F003E8E41 /* Release */,
			);
			defaultConfigurationIsVisible = 0;
			defaultConfigurationName = Release;
		};
		ED2C271225A5681F003E8E41 /* Build configuration list for PBXNativeTarget "Roshambo" */ = {
			isa = XCConfigurationList;
			buildConfigurations = (
				ED2C271325A5681F003E8E41 /* Debug */,
				ED2C271425A5681F003E8E41 /* Release */,
			);
			defaultConfigurationIsVisible = 0;
			defaultConfigurationName = Release;
		};
/* End XCConfigurationList section */
	};
	rootObject = ED2C26F625A5681E003E8E41 /* Project object */;
}
